// !$*UTF8*$!
{
	archiveVersion = 1;
	classes = {
	};
	objectVersion = 56;
	objects = {

/* Begin PBXBuildFile section */
		E3DCA17F2D91673800893221 /* AppDelegate.swift in Sources */ = {isa = PBXBuildFile; fileRef = E3DCA17E2D91673800893221 /* AppDelegate.swift */; };
		E3DCA1812D91673800893221 /* SceneDelegate.swift in Sources */ = {isa = PBXBuildFile; fileRef = E3DCA1802D91673800893221 /* SceneDelegate.swift */; };
		E3DCA1832D91673800893221 /* ViewController.swift in Sources */ = {isa = PBXBuildFile; fileRef = E3DCA1822D91673800893221 /* ViewController.swift */; };
		E3DCA1882D91673A00893221 /* Assets.xcassets in Resources */ = {isa = PBXBuildFile; fileRef = E3DCA1872D91673A00893221 /* Assets.xcassets */; };
		E3DCA19B2D91742F00893221 /* Colors.swift in Sources */ = {isa = PBXBuildFile; fileRef = E3DCA19A2D91742F00893221 /* Colors.swift */; };
		E3DCA19D2D92952100893221 /* Icons.swift in Sources */ = {isa = PBXBuildFile; fileRef = E3DCA19C2D92952100893221 /* Icons.swift */; };
		E3DCA1A22D94250E00893221 /* AnonymousPro-Regular.ttf in Resources */ = {isa = PBXBuildFile; fileRef = E3DCA1A12D94250E00893221 /* AnonymousPro-Regular.ttf */; };
		E3DCA1A42D94252000893221 /* Peach Cream.ttf in Resources */ = {isa = PBXBuildFile; fileRef = E3DCA1A32D94252000893221 /* Peach Cream.ttf */; };
		E3DCA1A62D9425F100893221 /* Fonts.swift in Sources */ = {isa = PBXBuildFile; fileRef = E3DCA1A52D9425F100893221 /* Fonts.swift */; };
		E3DCA1A92D942CE500893221 /* ButtonStyle.swift in Sources */ = {isa = PBXBuildFile; fileRef = E3DCA1A82D942CE500893221 /* ButtonStyle.swift */; };
		E3DCA1AB2D94302B00893221 /* Button.swift in Sources */ = {isa = PBXBuildFile; fileRef = E3DCA1AA2D94302B00893221 /* Button.swift */; };
/* End PBXBuildFile section */

/* Begin PBXFileReference section */
		E3DCA17B2D91673800893221 /* DailyGo.app */ = {isa = PBXFileReference; explicitFileType = wrapper.application; includeInIndex = 0; path = DailyGo.app; sourceTree = BUILT_PRODUCTS_DIR; };
		E3DCA17E2D91673800893221 /* AppDelegate.swift */ = {isa = PBXFileReference; lastKnownFileType = sourcecode.swift; path = AppDelegate.swift; sourceTree = "<group>"; };
		E3DCA1802D91673800893221 /* SceneDelegate.swift */ = {isa = PBXFileReference; lastKnownFileType = sourcecode.swift; path = SceneDelegate.swift; sourceTree = "<group>"; };
		E3DCA1822D91673800893221 /* ViewController.swift */ = {isa = PBXFileReference; lastKnownFileType = sourcecode.swift; path = ViewController.swift; sourceTree = "<group>"; };
		E3DCA1872D91673A00893221 /* Assets.xcassets */ = {isa = PBXFileReference; lastKnownFileType = folder.assetcatalog; path = Assets.xcassets; sourceTree = "<group>"; };
		E3DCA18C2D91673A00893221 /* Info.plist */ = {isa = PBXFileReference; lastKnownFileType = text.plist.xml; path = Info.plist; sourceTree = "<group>"; };
		E3DCA19A2D91742F00893221 /* Colors.swift */ = {isa = PBXFileReference; lastKnownFileType = sourcecode.swift; name = Colors.swift; path = DailyGo/Assets/Colors/Colors.swift; sourceTree = SOURCE_ROOT; };
		E3DCA19C2D92952100893221 /* Icons.swift */ = {isa = PBXFileReference; lastKnownFileType = sourcecode.swift; path = Icons.swift; sourceTree = "<group>"; };
		E3DCA1A12D94250E00893221 /* AnonymousPro-Regular.ttf */ = {isa = PBXFileReference; lastKnownFileType = file; path = "AnonymousPro-Regular.ttf"; sourceTree = "<group>"; };
		E3DCA1A32D94252000893221 /* Peach Cream.ttf */ = {isa = PBXFileReference; lastKnownFileType = file; path = "Peach Cream.ttf"; sourceTree = "<group>"; };
		E3DCA1A52D9425F100893221 /* Fonts.swift */ = {isa = PBXFileReference; lastKnownFileType = sourcecode.swift; path = Fonts.swift; sourceTree = "<group>"; };
		E3DCA1A82D942CE500893221 /* ButtonStyle.swift */ = {isa = PBXFileReference; lastKnownFileType = sourcecode.swift; path = ButtonStyle.swift; sourceTree = "<group>"; };
		E3DCA1AA2D94302B00893221 /* Button.swift */ = {isa = PBXFileReference; lastKnownFileType = sourcecode.swift; path = Button.swift; sourceTree = "<group>"; };
/* End PBXFileReference section */

/* Begin PBXFrameworksBuildPhase section */
		E3DCA1782D91673800893221 /* Frameworks */ = {
			isa = PBXFrameworksBuildPhase;
			buildActionMask = 2147483647;
			files = (
			);
			runOnlyForDeploymentPostprocessing = 0;
		};
/* End PBXFrameworksBuildPhase section */

/* Begin PBXGroup section */
		E3DCA1722D91673800893221 = {
			isa = PBXGroup;
			children = (
				E3DCA17D2D91673800893221 /* DailyGo */,
				E3DCA17C2D91673800893221 /* Products */,
			);
			sourceTree = "<group>";
		};
		E3DCA17C2D91673800893221 /* Products */ = {
			isa = PBXGroup;
			children = (
				E3DCA17B2D91673800893221 /* DailyGo.app */,
			);
			name = Products;
			sourceTree = "<group>";
		};
		E3DCA17D2D91673800893221 /* DailyGo */ = {
			isa = PBXGroup;
			children = (
				E3DCA18C2D91673A00893221 /* Info.plist */,
				E3DCA1942D91690700893221 /* Sources */,
				E3DCA1932D9168FE00893221 /* UI */,
				E3DCA1922D9168F500893221 /* Assets */,
			);
			path = DailyGo;
			sourceTree = "<group>";
		};
		E3DCA1922D9168F500893221 /* Assets */ = {
			isa = PBXGroup;
			children = (
				E3DCA1992D916A2600893221 /* Colors */,
				E3DCA1982D916A1D00893221 /* Icons */,
				E3DCA1972D916A1700893221 /* Fonts */,
				E3DCA1872D91673A00893221 /* Assets.xcassets */,
			);
			path = Assets;
			sourceTree = "<group>";
		};
		E3DCA1932D9168FE00893221 /* UI */ = {
			isa = PBXGroup;
			children = (
				E3DCA1A72D942CC900893221 /* Button */,
			);
			path = UI;
			sourceTree = "<group>";
		};
		E3DCA1942D91690700893221 /* Sources */ = {
			isa = PBXGroup;
			children = (
				E3DCA1962D916A0600893221 /* Screens */,
				E3DCA1952D9169F000893221 /* Delegates */,
			);
			path = Sources;
			sourceTree = "<group>";
		};
		E3DCA1952D9169F000893221 /* Delegates */ = {
			isa = PBXGroup;
			children = (
				E3DCA17E2D91673800893221 /* AppDelegate.swift */,
				E3DCA1802D91673800893221 /* SceneDelegate.swift */,
				E3DCA1822D91673800893221 /* ViewController.swift */,
			);
			path = Delegates;
			sourceTree = "<group>";
		};
		E3DCA1962D916A0600893221 /* Screens */ = {
			isa = PBXGroup;
			children = (
			);
			path = Screens;
			sourceTree = "<group>";
		};
		E3DCA1972D916A1700893221 /* Fonts */ = {
			isa = PBXGroup;
			children = (
				E3DCA19E2D94247700893221 /* Resources */,
				E3DCA1A52D9425F100893221 /* Fonts.swift */,
			);
			path = Fonts;
			sourceTree = "<group>";
		};
		E3DCA1982D916A1D00893221 /* Icons */ = {
			isa = PBXGroup;
			children = (
				E3DCA19C2D92952100893221 /* Icons.swift */,
			);
			path = Icons;
			sourceTree = "<group>";
		};
		E3DCA1992D916A2600893221 /* Colors */ = {
			isa = PBXGroup;
			children = (
				E3DCA19A2D91742F00893221 /* Colors.swift */,
			);
			path = Colors;
			sourceTree = "<group>";
		};
		E3DCA19E2D94247700893221 /* Resources */ = {
			isa = PBXGroup;
			children = (
				E3DCA1A32D94252000893221 /* Peach Cream.ttf */,
				E3DCA1A12D94250E00893221 /* AnonymousPro-Regular.ttf */,
			);
			path = Resources;
			sourceTree = "<group>";
		};
		E3DCA1A72D942CC900893221 /* Button */ = {
			isa = PBXGroup;
			children = (
				E3DCA1A82D942CE500893221 /* ButtonStyle.swift */,
				E3DCA1AA2D94302B00893221 /* Button.swift */,
			);
			path = Button;
			sourceTree = "<group>";
		};
/* End PBXGroup section */

/* Begin PBXNativeTarget section */
		E3DCA17A2D91673800893221 /* DailyGo */ = {
			isa = PBXNativeTarget;
			buildConfigurationList = E3DCA18F2D91673A00893221 /* Build configuration list for PBXNativeTarget "DailyGo" */;
			buildPhases = (
				E3DCA1772D91673800893221 /* Sources */,
				E3DCA1782D91673800893221 /* Frameworks */,
				E3DCA1792D91673800893221 /* Resources */,
			);
			buildRules = (
			);
			dependencies = (
			);
			name = DailyGo;
			productName = DailyGo;
			productReference = E3DCA17B2D91673800893221 /* DailyGo.app */;
			productType = "com.apple.product-type.application";
		};
/* End PBXNativeTarget section */

/* Begin PBXProject section */
		E3DCA1732D91673800893221 /* Project object */ = {
			isa = PBXProject;
			attributes = {
				BuildIndependentTargetsInParallel = 1;
				LastSwiftUpdateCheck = 1540;
				LastUpgradeCheck = 1540;
				TargetAttributes = {
					E3DCA17A2D91673800893221 = {
						CreatedOnToolsVersion = 15.4;
					};
				};
			};
			buildConfigurationList = E3DCA1762D91673800893221 /* Build configuration list for PBXProject "DailyGo" */;
			compatibilityVersion = "Xcode 14.0";
			developmentRegion = en;
			hasScannedForEncodings = 0;
			knownRegions = (
				en,
				Base,
			);
			mainGroup = E3DCA1722D91673800893221;
			productRefGroup = E3DCA17C2D91673800893221 /* Products */;
			projectDirPath = "";
			projectRoot = "";
			targets = (
				E3DCA17A2D91673800893221 /* DailyGo */,
			);
		};
/* End PBXProject section */

/* Begin PBXResourcesBuildPhase section */
		E3DCA1792D91673800893221 /* Resources */ = {
			isa = PBXResourcesBuildPhase;
			buildActionMask = 2147483647;
			files = (
				E3DCA1A42D94252000893221 /* Peach Cream.ttf in Resources */,
				E3DCA1882D91673A00893221 /* Assets.xcassets in Resources */,
				E3DCA1A22D94250E00893221 /* AnonymousPro-Regular.ttf in Resources */,
			);
			runOnlyForDeploymentPostprocessing = 0;
		};
/* End PBXResourcesBuildPhase section */

/* Begin PBXSourcesBuildPhase section */
		E3DCA1772D91673800893221 /* Sources */ = {
			isa = PBXSourcesBuildPhase;
			buildActionMask = 2147483647;
			files = (
				E3DCA1A92D942CE500893221 /* ButtonStyle.swift in Sources */,
				E3DCA1832D91673800893221 /* ViewController.swift in Sources */,
				E3DCA19B2D91742F00893221 /* Colors.swift in Sources */,
				E3DCA1AB2D94302B00893221 /* Button.swift in Sources */,
				E3DCA17F2D91673800893221 /* AppDelegate.swift in Sources */,
				E3DCA19D2D92952100893221 /* Icons.swift in Sources */,
				E3DCA1A62D9425F100893221 /* Fonts.swift in Sources */,
				E3DCA1812D91673800893221 /* SceneDelegate.swift in Sources */,
			);
			runOnlyForDeploymentPostprocessing = 0;
		};
/* End PBXSourcesBuildPhase section */

/* Begin XCBuildConfiguration section */
		E3DCA18D2D91673A00893221 /* Debug */ = {
			isa = XCBuildConfiguration;
			buildSettings = {
				ALWAYS_SEARCH_USER_PATHS = NO;
				ASSETCATALOG_COMPILER_GENERATE_SWIFT_ASSET_SYMBOL_EXTENSIONS = YES;
				CLANG_ANALYZER_NONNULL = YES;
				CLANG_ANALYZER_NUMBER_OBJECT_CONVERSION = YES_AGGRESSIVE;
				CLANG_CXX_LANGUAGE_STANDARD = "gnu++20";
				CLANG_ENABLE_MODULES = YES;
				CLANG_ENABLE_OBJC_ARC = YES;
				CLANG_ENABLE_OBJC_WEAK = YES;
				CLANG_WARN_BLOCK_CAPTURE_AUTORELEASING = YES;
				CLANG_WARN_BOOL_CONVERSION = YES;
				CLANG_WARN_COMMA = YES;
				CLANG_WARN_CONSTANT_CONVERSION = YES;
				CLANG_WARN_DEPRECATED_OBJC_IMPLEMENTATIONS = YES;
				CLANG_WARN_DIRECT_OBJC_ISA_USAGE = YES_ERROR;
				CLANG_WARN_DOCUMENTATION_COMMENTS = YES;
				CLANG_WARN_EMPTY_BODY = YES;
				CLANG_WARN_ENUM_CONVERSION = YES;
				CLANG_WARN_INFINITE_RECURSION = YES;
				CLANG_WARN_INT_CONVERSION = YES;
				CLANG_WARN_NON_LITERAL_NULL_CONVERSION = YES;
				CLANG_WARN_OBJC_IMPLICIT_RETAIN_SELF = YES;
				CLANG_WARN_OBJC_LITERAL_CONVERSION = YES;
				CLANG_WARN_OBJC_ROOT_CLASS = YES_ERROR;
				CLANG_WARN_QUOTED_INCLUDE_IN_FRAMEWORK_HEADER = YES;
				CLANG_WARN_RANGE_LOOP_ANALYSIS = YES;
				CLANG_WARN_STRICT_PROTOTYPES = YES;
				CLANG_WARN_SUSPICIOUS_MOVE = YES;
				CLANG_WARN_UNGUARDED_AVAILABILITY = YES_AGGRESSIVE;
				CLANG_WARN_UNREACHABLE_CODE = YES;
				CLANG_WARN__DUPLICATE_METHOD_MATCH = YES;
				COPY_PHASE_STRIP = NO;
				DEBUG_INFORMATION_FORMAT = dwarf;
				ENABLE_STRICT_OBJC_MSGSEND = YES;
				ENABLE_TESTABILITY = YES;
				ENABLE_USER_SCRIPT_SANDBOXING = YES;
				GCC_C_LANGUAGE_STANDARD = gnu17;
				GCC_DYNAMIC_NO_PIC = NO;
				GCC_NO_COMMON_BLOCKS = YES;
				GCC_OPTIMIZATION_LEVEL = 0;
				GCC_PREPROCESSOR_DEFINITIONS = (
					"DEBUG=1",
					"$(inherited)",
				);
				GCC_WARN_64_TO_32_BIT_CONVERSION = YES;
				GCC_WARN_ABOUT_RETURN_TYPE = YES_ERROR;
				GCC_WARN_UNDECLARED_SELECTOR = YES;
				GCC_WARN_UNINITIALIZED_AUTOS = YES_AGGRESSIVE;
				GCC_WARN_UNUSED_FUNCTION = YES;
				GCC_WARN_UNUSED_VARIABLE = YES;
				IPHONEOS_DEPLOYMENT_TARGET = 17.5;
				LOCALIZATION_PREFERS_STRING_CATALOGS = YES;
				MTL_ENABLE_DEBUG_INFO = INCLUDE_SOURCE;
				MTL_FAST_MATH = YES;
				ONLY_ACTIVE_ARCH = YES;
				SDKROOT = iphoneos;
				SWIFT_ACTIVE_COMPILATION_CONDITIONS = "DEBUG $(inherited)";
				SWIFT_OPTIMIZATION_LEVEL = "-Onone";
			};
			name = Debug;
		};
		E3DCA18E2D91673A00893221 /* Release */ = {
			isa = XCBuildConfiguration;
			buildSettings = {
				ALWAYS_SEARCH_USER_PATHS = NO;
				ASSETCATALOG_COMPILER_GENERATE_SWIFT_ASSET_SYMBOL_EXTENSIONS = YES;
				CLANG_ANALYZER_NONNULL = YES;
				CLANG_ANALYZER_NUMBER_OBJECT_CONVERSION = YES_AGGRESSIVE;
				CLANG_CXX_LANGUAGE_STANDARD = "gnu++20";
				CLANG_ENABLE_MODULES = YES;
				CLANG_ENABLE_OBJC_ARC = YES;
				CLANG_ENABLE_OBJC_WEAK = YES;
				CLANG_WARN_BLOCK_CAPTURE_AUTORELEASING = YES;
				CLANG_WARN_BOOL_CONVERSION = YES;
				CLANG_WARN_COMMA = YES;
				CLANG_WARN_CONSTANT_CONVERSION = YES;
				CLANG_WARN_DEPRECATED_OBJC_IMPLEMENTATIONS = YES;
				CLANG_WARN_DIRECT_OBJC_ISA_USAGE = YES_ERROR;
				CLANG_WARN_DOCUMENTATION_COMMENTS = YES;
				CLANG_WARN_EMPTY_BODY = YES;
				CLANG_WARN_ENUM_CONVERSION = YES;
				CLANG_WARN_INFINITE_RECURSION = YES;
				CLANG_WARN_INT_CONVERSION = YES;
				CLANG_WARN_NON_LITERAL_NULL_CONVERSION = YES;
				CLANG_WARN_OBJC_IMPLICIT_RETAIN_SELF = YES;
				CLANG_WARN_OBJC_LITERAL_CONVERSION = YES;
				CLANG_WARN_OBJC_ROOT_CLASS = YES_ERROR;
				CLANG_WARN_QUOTED_INCLUDE_IN_FRAMEWORK_HEADER = YES;
				CLANG_WARN_RANGE_LOOP_ANALYSIS = YES;
				CLANG_WARN_STRICT_PROTOTYPES = YES;
				CLANG_WARN_SUSPICIOUS_MOVE = YES;
				CLANG_WARN_UNGUARDED_AVAILABILITY = YES_AGGRESSIVE;
				CLANG_WARN_UNREACHABLE_CODE = YES;
				CLANG_WARN__DUPLICATE_METHOD_MATCH = YES;
				COPY_PHASE_STRIP = NO;
				DEBUG_INFORMATION_FORMAT = "dwarf-with-dsym";
				ENABLE_NS_ASSERTIONS = NO;
				ENABLE_STRICT_OBJC_MSGSEND = YES;
				ENABLE_USER_SCRIPT_SANDBOXING = YES;
				GCC_C_LANGUAGE_STANDARD = gnu17;
				GCC_NO_COMMON_BLOCKS = YES;
				GCC_WARN_64_TO_32_BIT_CONVERSION = YES;
				GCC_WARN_ABOUT_RETURN_TYPE = YES_ERROR;
				GCC_WARN_UNDECLARED_SELECTOR = YES;
				GCC_WARN_UNINITIALIZED_AUTOS = YES_AGGRESSIVE;
				GCC_WARN_UNUSED_FUNCTION = YES;
				GCC_WARN_UNUSED_VARIABLE = YES;
				IPHONEOS_DEPLOYMENT_TARGET = 17.5;
				LOCALIZATION_PREFERS_STRING_CATALOGS = YES;
				MTL_ENABLE_DEBUG_INFO = NO;
				MTL_FAST_MATH = YES;
				SDKROOT = iphoneos;
				SWIFT_COMPILATION_MODE = wholemodule;
				VALIDATE_PRODUCT = YES;
			};
			name = Release;
		};
		E3DCA1902D91673A00893221 /* Debug */ = {
			isa = XCBuildConfiguration;
			buildSettings = {
				ASSETCATALOG_COMPILER_APPICON_NAME = AppIcon;
				ASSETCATALOG_COMPILER_GLOBAL_ACCENT_COLOR_NAME = AccentColor;
				CODE_SIGN_STYLE = Automatic;
				CURRENT_PROJECT_VERSION = 1;
				DEVELOPMENT_TEAM = CVK7FA2J9G;
				GENERATE_INFOPLIST_FILE = YES;
				INFOPLIST_FILE = DailyGo/Info.plist;
				INFOPLIST_KEY_UIApplicationSupportsIndirectInputEvents = YES;
				INFOPLIST_KEY_UILaunchStoryboardName = LaunchScreen;
				INFOPLIST_KEY_UISupportedInterfaceOrientations_iPad = "UIInterfaceOrientationPortrait UIInterfaceOrientationPortraitUpsideDown UIInterfaceOrientationLandscapeLeft UIInterfaceOrientationLandscapeRight";
				INFOPLIST_KEY_UISupportedInterfaceOrientations_iPhone = "UIInterfaceOrientationPortrait UIInterfaceOrientationLandscapeLeft UIInterfaceOrientationLandscapeRight";
				IPHONEOS_DEPLOYMENT_TARGET = 17.0;
				LD_RUNPATH_SEARCH_PATHS = (
					"$(inherited)",
					"@executable_path/Frameworks",
				);
				MARKETING_VERSION = 1.0;
				PRODUCT_BUNDLE_IDENTIFIER = com.danila.DailyGo;
				PRODUCT_NAME = "$(TARGET_NAME)";
				SWIFT_EMIT_LOC_STRINGS = YES;
				SWIFT_VERSION = 5.0;
				TARGETED_DEVICE_FAMILY = "1,2";
			};
			name = Debug;
		};
		E3DCA1912D91673A00893221 /* Release */ = {
			isa = XCBuildConfiguration;
			buildSettings = {
				ASSETCATALOG_COMPILER_APPICON_NAME = AppIcon;
				ASSETCATALOG_COMPILER_GLOBAL_ACCENT_COLOR_NAME = AccentColor;
				CODE_SIGN_STYLE = Automatic;
				CURRENT_PROJECT_VERSION = 1;
				DEVELOPMENT_TEAM = CVK7FA2J9G;
				GENERATE_INFOPLIST_FILE = YES;
				INFOPLIST_FILE = DailyGo/Info.plist;
				INFOPLIST_KEY_UIApplicationSupportsIndirectInputEvents = YES;
				INFOPLIST_KEY_UILaunchStoryboardName = LaunchScreen;
				INFOPLIST_KEY_UISupportedInterfaceOrientations_iPad = "UIInterfaceOrientationPortrait UIInterfaceOrientationPortraitUpsideDown UIInterfaceOrientationLandscapeLeft UIInterfaceOrientationLandscapeRight";
				INFOPLIST_KEY_UISupportedInterfaceOrientations_iPhone = "UIInterfaceOrientationPortrait UIInterfaceOrientationLandscapeLeft UIInterfaceOrientationLandscapeRight";
				IPHONEOS_DEPLOYMENT_TARGET = 17.0;
				LD_RUNPATH_SEARCH_PATHS = (
					"$(inherited)",
					"@executable_path/Frameworks",
				);
				MARKETING_VERSION = 1.0;
				PRODUCT_BUNDLE_IDENTIFIER = com.danila.DailyGo;
				PRODUCT_NAME = "$(TARGET_NAME)";
				SWIFT_EMIT_LOC_STRINGS = YES;
				SWIFT_VERSION = 5.0;
				TARGETED_DEVICE_FAMILY = "1,2";
			};
			name = Release;
		};
/* End XCBuildConfiguration section */

/* Begin XCConfigurationList section */
		E3DCA1762D91673800893221 /* Build configuration list for PBXProject "DailyGo" */ = {
			isa = XCConfigurationList;
			buildConfigurations = (
				E3DCA18D2D91673A00893221 /* Debug */,
				E3DCA18E2D91673A00893221 /* Release */,
			);
			defaultConfigurationIsVisible = 0;
			defaultConfigurationName = Release;
		};
		E3DCA18F2D91673A00893221 /* Build configuration list for PBXNativeTarget "DailyGo" */ = {
			isa = XCConfigurationList;
			buildConfigurations = (
				E3DCA1902D91673A00893221 /* Debug */,
				E3DCA1912D91673A00893221 /* Release */,
			);
			defaultConfigurationIsVisible = 0;
			defaultConfigurationName = Release;
		};
/* End XCConfigurationList section */
	};
	rootObject = E3DCA1732D91673800893221 /* Project object */;
}
